
Microsoft Visual Studio Solution File, Format Version 12.00
# Visual Studio Version 16
VisualStudioVersion = 16.0.31624.102
MinimumVisualStudioVersion = 10.0.40219.1
Project("{FAE04EC0-301F-11D3-BF4B-00C04F79EFBC}") = "1.List csharp", "1.List csharp\1.List csharp.csproj", "{9E323735-26DF-4BAE-871D-ED78CB1CCB0F}"
EndProject
Global
	GlobalSection(SolutionConfigurationPlatforms) = preSolution
		Debug|Any CPU = Debug|Any CPU
		Release|Any CPU = Release|Any CPU
	EndGlobalSection
	GlobalSection(ProjectConfigurationPlatforms) = postSolution
		{9E323735-26DF-4BAE-871D-ED78CB1CCB0F}.Debug|Any CPU.ActiveCfg = Debug|Any CPU
		{9E323735-26DF-4BAE-871D-ED78CB1CCB0F}.Debug|Any CPU.Build.0 = Debug|Any CPU
		{9E323735-26DF-4BAE-871D-ED78CB1CCB0F}.Release|Any CPU.ActiveCfg = Release|Any CPU
		{9E323735-26DF-4BAE-871D-ED78CB1CCB0F}.Release|Any CPU.Build.0 = Release|Any CPU
	EndGlobalSection
	GlobalSection(SolutionProperties) = preSolution
		HideSolutionNode = FALSE
	EndGlobalSection
	GlobalSection(ExtensibilityGlobals) = postSolution
		SolutionGuid = {F69DD7D1-871C-4D40-ACFE-8A82DF2C499E}
	EndGlobalSection
EndGlobal
